// !$*UTF8*$!
{
	archiveVersion = 1;
	classes = {
	};
	objectVersion = 55;
	objects = {

/* Begin PBXBuildFile section */
		4C19FFA6B9440FA780110175 /* Pods_ReachDest.framework in Frameworks */ = {isa = PBXBuildFile; fileRef = C513C0DA1CCD73D99B55A074 /* Pods_ReachDest.framework */; };
		507968DB11BB636DA06B8F73 /* Pods_ReachDest_ReachDestUITests.framework in Frameworks */ = {isa = PBXBuildFile; fileRef = FD4FBF707E8D2F46BFC3BDB7 /* Pods_ReachDest_ReachDestUITests.framework */; };
		55DA4E9D40B393168F35FC38 /* Pods_ReachDestTests.framework in Frameworks */ = {isa = PBXBuildFile; fileRef = C305DDB6CAA1F0BCD0CDA334 /* Pods_ReachDestTests.framework */; };
		C462BBF62BE92E2E00ADA0B9 /* ReachDestApp.swift in Sources */ = {isa = PBXBuildFile; fileRef = C462BBF52BE92E2E00ADA0B9 /* ReachDestApp.swift */; };
		C462BBF82BE92E2E00ADA0B9 /* ContentView.swift in Sources */ = {isa = PBXBuildFile; fileRef = C462BBF72BE92E2E00ADA0B9 /* ContentView.swift */; };
		C462BBFA2BE92E2E00ADA0B9 /* Item.swift in Sources */ = {isa = PBXBuildFile; fileRef = C462BBF92BE92E2E00ADA0B9 /* Item.swift */; };
		C462BBFC2BE92E3300ADA0B9 /* Assets.xcassets in Resources */ = {isa = PBXBuildFile; fileRef = C462BBFB2BE92E3300ADA0B9 /* Assets.xcassets */; };
		C462BBFF2BE92E3300ADA0B9 /* Preview Assets.xcassets in Resources */ = {isa = PBXBuildFile; fileRef = C462BBFE2BE92E3300ADA0B9 /* Preview Assets.xcassets */; };
		C462BC0A2BE92E3400ADA0B9 /* ReachDestTests.swift in Sources */ = {isa = PBXBuildFile; fileRef = C462BC092BE92E3400ADA0B9 /* ReachDestTests.swift */; };
		C462BC142BE92E3400ADA0B9 /* ReachDestUITests.swift in Sources */ = {isa = PBXBuildFile; fileRef = C462BC132BE92E3400ADA0B9 /* ReachDestUITests.swift */; };
		C462BC162BE92E3400ADA0B9 /* ReachDestUITestsLaunchTests.swift in Sources */ = {isa = PBXBuildFile; fileRef = C462BC152BE92E3400ADA0B9 /* ReachDestUITestsLaunchTests.swift */; };
/* End PBXBuildFile section */

/* Begin PBXContainerItemProxy section */
		C462BC062BE92E3400ADA0B9 /* PBXContainerItemProxy */ = {
			isa = PBXContainerItemProxy;
			containerPortal = C462BBEA2BE92E2E00ADA0B9 /* Project object */;
			proxyType = 1;
			remoteGlobalIDString = C462BBF12BE92E2E00ADA0B9;
			remoteInfo = ReachDest;
		};
		C462BC102BE92E3400ADA0B9 /* PBXContainerItemProxy */ = {
			isa = PBXContainerItemProxy;
			containerPortal = C462BBEA2BE92E2E00ADA0B9 /* Project object */;
			proxyType = 1;
			remoteGlobalIDString = C462BBF12BE92E2E00ADA0B9;
			remoteInfo = ReachDest;
		};
/* End PBXContainerItemProxy section */

/* Begin PBXFileReference section */
		1E047206CECF1FA72615BECD /* Pods-ReachDest.release.xcconfig */ = {isa = PBXFileReference; includeInIndex = 1; lastKnownFileType = text.xcconfig; name = "Pods-ReachDest.release.xcconfig"; path = "Target Support Files/Pods-ReachDest/Pods-ReachDest.release.xcconfig"; sourceTree = "<group>"; };
		69DAE6131267FE475CDA5F31 /* Pods-ReachDestTests.debug.xcconfig */ = {isa = PBXFileReference; includeInIndex = 1; lastKnownFileType = text.xcconfig; name = "Pods-ReachDestTests.debug.xcconfig"; path = "Target Support Files/Pods-ReachDestTests/Pods-ReachDestTests.debug.xcconfig"; sourceTree = "<group>"; };
		8B53037F1F99C53E322B27FA /* Pods-ReachDest-ReachDestUITests.debug.xcconfig */ = {isa = PBXFileReference; includeInIndex = 1; lastKnownFileType = text.xcconfig; name = "Pods-ReachDest-ReachDestUITests.debug.xcconfig"; path = "Target Support Files/Pods-ReachDest-ReachDestUITests/Pods-ReachDest-ReachDestUITests.debug.xcconfig"; sourceTree = "<group>"; };
		988A80623FC77DB9BE29433F /* Pods-ReachDestTests.release.xcconfig */ = {isa = PBXFileReference; includeInIndex = 1; lastKnownFileType = text.xcconfig; name = "Pods-ReachDestTests.release.xcconfig"; path = "Target Support Files/Pods-ReachDestTests/Pods-ReachDestTests.release.xcconfig"; sourceTree = "<group>"; };
		A2DF5DE874C8A93B62423F28 /* Pods-ReachDest-ReachDestUITests.release.xcconfig */ = {isa = PBXFileReference; includeInIndex = 1; lastKnownFileType = text.xcconfig; name = "Pods-ReachDest-ReachDestUITests.release.xcconfig"; path = "Target Support Files/Pods-ReachDest-ReachDestUITests/Pods-ReachDest-ReachDestUITests.release.xcconfig"; sourceTree = "<group>"; };
		B6D5308057A95A5C89E1847E /* Pods-ReachDest.debug.xcconfig */ = {isa = PBXFileReference; includeInIndex = 1; lastKnownFileType = text.xcconfig; name = "Pods-ReachDest.debug.xcconfig"; path = "Target Support Files/Pods-ReachDest/Pods-ReachDest.debug.xcconfig"; sourceTree = "<group>"; };
		C305DDB6CAA1F0BCD0CDA334 /* Pods_ReachDestTests.framework */ = {isa = PBXFileReference; explicitFileType = wrapper.framework; includeInIndex = 0; path = Pods_ReachDestTests.framework; sourceTree = BUILT_PRODUCTS_DIR; };
		C462BBF22BE92E2E00ADA0B9 /* ReachDest.app */ = {isa = PBXFileReference; explicitFileType = wrapper.application; includeInIndex = 0; path = ReachDest.app; sourceTree = BUILT_PRODUCTS_DIR; };
		C462BBF52BE92E2E00ADA0B9 /* ReachDestApp.swift */ = {isa = PBXFileReference; lastKnownFileType = sourcecode.swift; path = ReachDestApp.swift; sourceTree = "<group>"; };
		C462BBF72BE92E2E00ADA0B9 /* ContentView.swift */ = {isa = PBXFileReference; lastKnownFileType = sourcecode.swift; path = ContentView.swift; sourceTree = "<group>"; };
		C462BBF92BE92E2E00ADA0B9 /* Item.swift */ = {isa = PBXFileReference; lastKnownFileType = sourcecode.swift; path = Item.swift; sourceTree = "<group>"; };
		C462BBFB2BE92E3300ADA0B9 /* Assets.xcassets */ = {isa = PBXFileReference; lastKnownFileType = folder.assetcatalog; path = Assets.xcassets; sourceTree = "<group>"; };
		C462BBFE2BE92E3300ADA0B9 /* Preview Assets.xcassets */ = {isa = PBXFileReference; lastKnownFileType = folder.assetcatalog; path = "Preview Assets.xcassets"; sourceTree = "<group>"; };
		C462BC002BE92E3300ADA0B9 /* ReachDest.entitlements */ = {isa = PBXFileReference; lastKnownFileType = text.plist.entitlements; path = ReachDest.entitlements; sourceTree = "<group>"; };
		C462BC052BE92E3400ADA0B9 /* ReachDestTests.xctest */ = {isa = PBXFileReference; explicitFileType = wrapper.cfbundle; includeInIndex = 0; path = ReachDestTests.xctest; sourceTree = BUILT_PRODUCTS_DIR; };
		C462BC092BE92E3400ADA0B9 /* ReachDestTests.swift */ = {isa = PBXFileReference; lastKnownFileType = sourcecode.swift; path = ReachDestTests.swift; sourceTree = "<group>"; };
		C462BC0F2BE92E3400ADA0B9 /* ReachDestUITests.xctest */ = {isa = PBXFileReference; explicitFileType = wrapper.cfbundle; includeInIndex = 0; path = ReachDestUITests.xctest; sourceTree = BUILT_PRODUCTS_DIR; };
		C462BC132BE92E3400ADA0B9 /* ReachDestUITests.swift */ = {isa = PBXFileReference; lastKnownFileType = sourcecode.swift; path = ReachDestUITests.swift; sourceTree = "<group>"; };
		C462BC152BE92E3400ADA0B9 /* ReachDestUITestsLaunchTests.swift */ = {isa = PBXFileReference; lastKnownFileType = sourcecode.swift; path = ReachDestUITestsLaunchTests.swift; sourceTree = "<group>"; };
		C513C0DA1CCD73D99B55A074 /* Pods_ReachDest.framework */ = {isa = PBXFileReference; explicitFileType = wrapper.framework; includeInIndex = 0; path = Pods_ReachDest.framework; sourceTree = BUILT_PRODUCTS_DIR; };
		FD4FBF707E8D2F46BFC3BDB7 /* Pods_ReachDest_ReachDestUITests.framework */ = {isa = PBXFileReference; explicitFileType = wrapper.framework; includeInIndex = 0; path = Pods_ReachDest_ReachDestUITests.framework; sourceTree = BUILT_PRODUCTS_DIR; };
/* End PBXFileReference section */

/* Begin PBXFrameworksBuildPhase section */
		C462BBEF2BE92E2E00ADA0B9 /* Frameworks */ = {
			isa = PBXFrameworksBuildPhase;
			buildActionMask = 2147483647;
			files = (
				4C19FFA6B9440FA780110175 /* Pods_ReachDest.framework in Frameworks */,
			);
			runOnlyForDeploymentPostprocessing = 0;
		};
		C462BC022BE92E3400ADA0B9 /* Frameworks */ = {
			isa = PBXFrameworksBuildPhase;
			buildActionMask = 2147483647;
			files = (
				55DA4E9D40B393168F35FC38 /* Pods_ReachDestTests.framework in Frameworks */,
			);
			runOnlyForDeploymentPostprocessing = 0;
		};
		C462BC0C2BE92E3400ADA0B9 /* Frameworks */ = {
			isa = PBXFrameworksBuildPhase;
			buildActionMask = 2147483647;
			files = (
				507968DB11BB636DA06B8F73 /* Pods_ReachDest_ReachDestUITests.framework in Frameworks */,
			);
			runOnlyForDeploymentPostprocessing = 0;
		};
/* End PBXFrameworksBuildPhase section */

/* Begin PBXGroup section */
		98CCF273698D84CFB9E70E5C /* Frameworks */ = {
			isa = PBXGroup;
			children = (
				C513C0DA1CCD73D99B55A074 /* Pods_ReachDest.framework */,
				FD4FBF707E8D2F46BFC3BDB7 /* Pods_ReachDest_ReachDestUITests.framework */,
				C305DDB6CAA1F0BCD0CDA334 /* Pods_ReachDestTests.framework */,
			);
			name = Frameworks;
			sourceTree = "<group>";
		};
		C462BBE92BE92E2E00ADA0B9 = {
			isa = PBXGroup;
			children = (
				C462BBF42BE92E2E00ADA0B9 /* ReachDest */,
				C462BC082BE92E3400ADA0B9 /* ReachDestTests */,
				C462BC122BE92E3400ADA0B9 /* ReachDestUITests */,
				C462BBF32BE92E2E00ADA0B9 /* Products */,
				EEB175677D079827E21298E8 /* Pods */,
				98CCF273698D84CFB9E70E5C /* Frameworks */,
			);
			sourceTree = "<group>";
		};
		C462BBF32BE92E2E00ADA0B9 /* Products */ = {
			isa = PBXGroup;
			children = (
				C462BBF22BE92E2E00ADA0B9 /* ReachDest.app */,
				C462BC052BE92E3400ADA0B9 /* ReachDestTests.xctest */,
				C462BC0F2BE92E3400ADA0B9 /* ReachDestUITests.xctest */,
			);
			name = Products;
			sourceTree = "<group>";
		};
		C462BBF42BE92E2E00ADA0B9 /* ReachDest */ = {
			isa = PBXGroup;
			children = (
				C462BBF52BE92E2E00ADA0B9 /* ReachDestApp.swift */,
				C462BBF72BE92E2E00ADA0B9 /* ContentView.swift */,
				C462BBF92BE92E2E00ADA0B9 /* Item.swift */,
				C462BBFB2BE92E3300ADA0B9 /* Assets.xcassets */,
				C462BC002BE92E3300ADA0B9 /* ReachDest.entitlements */,
				C462BBFD2BE92E3300ADA0B9 /* Preview Content */,
			);
			path = ReachDest;
			sourceTree = "<group>";
		};
		C462BBFD2BE92E3300ADA0B9 /* Preview Content */ = {
			isa = PBXGroup;
			children = (
				C462BBFE2BE92E3300ADA0B9 /* Preview Assets.xcassets */,
			);
			path = "Preview Content";
			sourceTree = "<group>";
		};
		C462BC082BE92E3400ADA0B9 /* ReachDestTests */ = {
			isa = PBXGroup;
			children = (
				C462BC092BE92E3400ADA0B9 /* ReachDestTests.swift */,
			);
			path = ReachDestTests;
			sourceTree = "<group>";
		};
		C462BC122BE92E3400ADA0B9 /* ReachDestUITests */ = {
			isa = PBXGroup;
			children = (
				C462BC132BE92E3400ADA0B9 /* ReachDestUITests.swift */,
				C462BC152BE92E3400ADA0B9 /* ReachDestUITestsLaunchTests.swift */,
			);
			path = ReachDestUITests;
			sourceTree = "<group>";
		};
		EEB175677D079827E21298E8 /* Pods */ = {
			isa = PBXGroup;
			children = (
				B6D5308057A95A5C89E1847E /* Pods-ReachDest.debug.xcconfig */,
				1E047206CECF1FA72615BECD /* Pods-ReachDest.release.xcconfig */,
				8B53037F1F99C53E322B27FA /* Pods-ReachDest-ReachDestUITests.debug.xcconfig */,
				A2DF5DE874C8A93B62423F28 /* Pods-ReachDest-ReachDestUITests.release.xcconfig */,
				69DAE6131267FE475CDA5F31 /* Pods-ReachDestTests.debug.xcconfig */,
				988A80623FC77DB9BE29433F /* Pods-ReachDestTests.release.xcconfig */,
			);
			name = Pods;
			path = Pods;
			sourceTree = "<group>";
		};
/* End PBXGroup section */

/* Begin PBXNativeTarget section */
		C462BBF12BE92E2E00ADA0B9 /* ReachDest */ = {
			isa = PBXNativeTarget;
			buildConfigurationList = C462BC192BE92E3400ADA0B9 /* Build configuration list for PBXNativeTarget "ReachDest" */;
			buildPhases = (
				27E897AE5E54A932506F0146 /* [CP] Check Pods Manifest.lock */,
				C462BBEE2BE92E2E00ADA0B9 /* Sources */,
				C462BBEF2BE92E2E00ADA0B9 /* Frameworks */,
				C462BBF02BE92E2E00ADA0B9 /* Resources */,
				4DA44C7132B9D868E907FEF0 /* [CP] Copy Pods Resources */,
			);
			buildRules = (
			);
			dependencies = (
			);
			name = ReachDest;
			productName = ReachDest;
			productReference = C462BBF22BE92E2E00ADA0B9 /* ReachDest.app */;
			productType = "com.apple.product-type.application";
		};
		C462BC042BE92E3400ADA0B9 /* ReachDestTests */ = {
			isa = PBXNativeTarget;
			buildConfigurationList = C462BC1C2BE92E3400ADA0B9 /* Build configuration list for PBXNativeTarget "ReachDestTests" */;
			buildPhases = (
				592EA772049034BAA862FB8D /* [CP] Check Pods Manifest.lock */,
				C462BC012BE92E3400ADA0B9 /* Sources */,
				C462BC022BE92E3400ADA0B9 /* Frameworks */,
				C462BC032BE92E3400ADA0B9 /* Resources */,
			);
			buildRules = (
			);
			dependencies = (
				C462BC072BE92E3400ADA0B9 /* PBXTargetDependency */,
			);
			name = ReachDestTests;
			productName = ReachDestTests;
			productReference = C462BC052BE92E3400ADA0B9 /* ReachDestTests.xctest */;
			productType = "com.apple.product-type.bundle.unit-test";
		};
		C462BC0E2BE92E3400ADA0B9 /* ReachDestUITests */ = {
			isa = PBXNativeTarget;
			buildConfigurationList = C462BC1F2BE92E3400ADA0B9 /* Build configuration list for PBXNativeTarget "ReachDestUITests" */;
			buildPhases = (
				BA08A0E7EAA12A3086A172F5 /* [CP] Check Pods Manifest.lock */,
				C462BC0B2BE92E3400ADA0B9 /* Sources */,
				C462BC0C2BE92E3400ADA0B9 /* Frameworks */,
				C462BC0D2BE92E3400ADA0B9 /* Resources */,
				03E668E6AB1C33A51FCA1D06 /* [CP] Copy Pods Resources */,
			);
			buildRules = (
			);
			dependencies = (
				C462BC112BE92E3400ADA0B9 /* PBXTargetDependency */,
			);
			name = ReachDestUITests;
			productName = ReachDestUITests;
			productReference = C462BC0F2BE92E3400ADA0B9 /* ReachDestUITests.xctest */;
			productType = "com.apple.product-type.bundle.ui-testing";
		};
/* End PBXNativeTarget section */

/* Begin PBXProject section */
		C462BBEA2BE92E2E00ADA0B9 /* Project object */ = {
			isa = PBXProject;
			attributes = {
				BuildIndependentTargetsInParallel = 1;
				LastSwiftUpdateCheck = 1530;
				LastUpgradeCheck = 1530;
				TargetAttributes = {
					C462BBF12BE92E2E00ADA0B9 = {
						CreatedOnToolsVersion = 15.3;
					};
					C462BC042BE92E3400ADA0B9 = {
						CreatedOnToolsVersion = 15.3;
						TestTargetID = C462BBF12BE92E2E00ADA0B9;
					};
					C462BC0E2BE92E3400ADA0B9 = {
						CreatedOnToolsVersion = 15.3;
						TestTargetID = C462BBF12BE92E2E00ADA0B9;
					};
				};
			};
			buildConfigurationList = C462BBED2BE92E2E00ADA0B9 /* Build configuration list for PBXProject "ReachDest" */;
			compatibilityVersion = "Xcode 13.0";
			developmentRegion = en;
			hasScannedForEncodings = 0;
			knownRegions = (
				en,
				Base,
			);
			mainGroup = C462BBE92BE92E2E00ADA0B9;
			productRefGroup = C462BBF32BE92E2E00ADA0B9 /* Products */;
			projectDirPath = "";
			projectRoot = "";
			targets = (
				C462BBF12BE92E2E00ADA0B9 /* ReachDest */,
				C462BC042BE92E3400ADA0B9 /* ReachDestTests */,
				C462BC0E2BE92E3400ADA0B9 /* ReachDestUITests */,
			);
		};
/* End PBXProject section */

/* Begin PBXResourcesBuildPhase section */
		C462BBF02BE92E2E00ADA0B9 /* Resources */ = {
			isa = PBXResourcesBuildPhase;
			buildActionMask = 2147483647;
			files = (
				C462BBFF2BE92E3300ADA0B9 /* Preview Assets.xcassets in Resources */,
				C462BBFC2BE92E3300ADA0B9 /* Assets.xcassets in Resources */,
			);
			runOnlyForDeploymentPostprocessing = 0;
		};
		C462BC032BE92E3400ADA0B9 /* Resources */ = {
			isa = PBXResourcesBuildPhase;
			buildActionMask = 2147483647;
			files = (
			);
			runOnlyForDeploymentPostprocessing = 0;
		};
		C462BC0D2BE92E3400ADA0B9 /* Resources */ = {
			isa = PBXResourcesBuildPhase;
			buildActionMask = 2147483647;
			files = (
			);
			runOnlyForDeploymentPostprocessing = 0;
		};
/* End PBXResourcesBuildPhase section */

/* Begin PBXShellScriptBuildPhase section */
		03E668E6AB1C33A51FCA1D06 /* [CP] Copy Pods Resources */ = {
			isa = PBXShellScriptBuildPhase;
			buildActionMask = 2147483647;
			files = (
			);
			inputFileListPaths = (
				"${PODS_ROOT}/Target Support Files/Pods-ReachDest-ReachDestUITests/Pods-ReachDest-ReachDestUITests-resources-${CONFIGURATION}-input-files.xcfilelist",
			);
			name = "[CP] Copy Pods Resources";
			outputFileListPaths = (
				"${PODS_ROOT}/Target Support Files/Pods-ReachDest-ReachDestUITests/Pods-ReachDest-ReachDestUITests-resources-${CONFIGURATION}-output-files.xcfilelist",
			);
			runOnlyForDeploymentPostprocessing = 0;
			shellPath = /bin/sh;
			shellScript = "\"${PODS_ROOT}/Target Support Files/Pods-ReachDest-ReachDestUITests/Pods-ReachDest-ReachDestUITests-resources.sh\"\n";
			showEnvVarsInLog = 0;
		};
		27E897AE5E54A932506F0146 /* [CP] Check Pods Manifest.lock */ = {
			isa = PBXShellScriptBuildPhase;
			buildActionMask = 2147483647;
			files = (
			);
			inputFileListPaths = (
			);
			inputPaths = (
				"${PODS_PODFILE_DIR_PATH}/Podfile.lock",
				"${PODS_ROOT}/Manifest.lock",
			);
			name = "[CP] Check Pods Manifest.lock";
			outputFileListPaths = (
			);
			outputPaths = (
				"$(DERIVED_FILE_DIR)/Pods-ReachDest-checkManifestLockResult.txt",
			);
			runOnlyForDeploymentPostprocessing = 0;
			shellPath = /bin/sh;
			shellScript = "diff \"${PODS_PODFILE_DIR_PATH}/Podfile.lock\" \"${PODS_ROOT}/Manifest.lock\" > /dev/null\nif [ $? != 0 ] ; then\n    # print error to STDERR\n    echo \"error: The sandbox is not in sync with the Podfile.lock. Run 'pod install' or update your CocoaPods installation.\" >&2\n    exit 1\nfi\n# This output is used by Xcode 'outputs' to avoid re-running this script phase.\necho \"SUCCESS\" > \"${SCRIPT_OUTPUT_FILE_0}\"\n";
			showEnvVarsInLog = 0;
		};
		4DA44C7132B9D868E907FEF0 /* [CP] Copy Pods Resources */ = {
			isa = PBXShellScriptBuildPhase;
			buildActionMask = 2147483647;
			files = (
			);
			inputFileListPaths = (
				"${PODS_ROOT}/Target Support Files/Pods-ReachDest/Pods-ReachDest-resources-${CONFIGURATION}-input-files.xcfilelist",
			);
			name = "[CP] Copy Pods Resources";
			outputFileListPaths = (
				"${PODS_ROOT}/Target Support Files/Pods-ReachDest/Pods-ReachDest-resources-${CONFIGURATION}-output-files.xcfilelist",
			);
			runOnlyForDeploymentPostprocessing = 0;
			shellPath = /bin/sh;
			shellScript = "\"${PODS_ROOT}/Target Support Files/Pods-ReachDest/Pods-ReachDest-resources.sh\"\n";
			showEnvVarsInLog = 0;
		};
		592EA772049034BAA862FB8D /* [CP] Check Pods Manifest.lock */ = {
			isa = PBXShellScriptBuildPhase;
			buildActionMask = 2147483647;
			files = (
			);
			inputFileListPaths = (
			);
			inputPaths = (
				"${PODS_PODFILE_DIR_PATH}/Podfile.lock",
				"${PODS_ROOT}/Manifest.lock",
			);
			name = "[CP] Check Pods Manifest.lock";
			outputFileListPaths = (
			);
			outputPaths = (
				"$(DERIVED_FILE_DIR)/Pods-ReachDestTests-checkManifestLockResult.txt",
			);
			runOnlyForDeploymentPostprocessing = 0;
			shellPath = /bin/sh;
			shellScript = "diff \"${PODS_PODFILE_DIR_PATH}/Podfile.lock\" \"${PODS_ROOT}/Manifest.lock\" > /dev/null\nif [ $? != 0 ] ; then\n    # print error to STDERR\n    echo \"error: The sandbox is not in sync with the Podfile.lock. Run 'pod install' or update your CocoaPods installation.\" >&2\n    exit 1\nfi\n# This output is used by Xcode 'outputs' to avoid re-running this script phase.\necho \"SUCCESS\" > \"${SCRIPT_OUTPUT_FILE_0}\"\n";
			showEnvVarsInLog = 0;
		};
		BA08A0E7EAA12A3086A172F5 /* [CP] Check Pods Manifest.lock */ = {
			isa = PBXShellScriptBuildPhase;
			buildActionMask = 2147483647;
			files = (
			);
			inputFileListPaths = (
			);
			inputPaths = (
				"${PODS_PODFILE_DIR_PATH}/Podfile.lock",
				"${PODS_ROOT}/Manifest.lock",
			);
			name = "[CP] Check Pods Manifest.lock";
			outputFileListPaths = (
			);
			outputPaths = (
				"$(DERIVED_FILE_DIR)/Pods-ReachDest-ReachDestUITests-checkManifestLockResult.txt",
			);
			runOnlyForDeploymentPostprocessing = 0;
			shellPath = /bin/sh;
			shellScript = "diff \"${PODS_PODFILE_DIR_PATH}/Podfile.lock\" \"${PODS_ROOT}/Manifest.lock\" > /dev/null\nif [ $? != 0 ] ; then\n    # print error to STDERR\n    echo \"error: The sandbox is not in sync with the Podfile.lock. Run 'pod install' or update your CocoaPods installation.\" >&2\n    exit 1\nfi\n# This output is used by Xcode 'outputs' to avoid re-running this script phase.\necho \"SUCCESS\" > \"${SCRIPT_OUTPUT_FILE_0}\"\n";
			showEnvVarsInLog = 0;
		};
/* End PBXShellScriptBuildPhase section */

/* Begin PBXSourcesBuildPhase section */
		C462BBEE2BE92E2E00ADA0B9 /* Sources */ = {
			isa = PBXSourcesBuildPhase;
			buildActionMask = 2147483647;
			files = (
				C462BBF82BE92E2E00ADA0B9 /* ContentView.swift in Sources */,
				C462BBFA2BE92E2E00ADA0B9 /* Item.swift in Sources */,
				C462BBF62BE92E2E00ADA0B9 /* ReachDestApp.swift in Sources */,
			);
			runOnlyForDeploymentPostprocessing = 0;
		};
		C462BC012BE92E3400ADA0B9 /* Sources */ = {
			isa = PBXSourcesBuildPhase;
			buildActionMask = 2147483647;
			files = (
				C462BC0A2BE92E3400ADA0B9 /* ReachDestTests.swift in Sources */,
			);
			runOnlyForDeploymentPostprocessing = 0;
		};
		C462BC0B2BE92E3400ADA0B9 /* Sources */ = {
			isa = PBXSourcesBuildPhase;
			buildActionMask = 2147483647;
			files = (
				C462BC162BE92E3400ADA0B9 /* ReachDestUITestsLaunchTests.swift in Sources */,
				C462BC142BE92E3400ADA0B9 /* ReachDestUITests.swift in Sources */,
			);
			runOnlyForDeploymentPostprocessing = 0;
		};
/* End PBXSourcesBuildPhase section */

/* Begin PBXTargetDependency section */
		C462BC072BE92E3400ADA0B9 /* PBXTargetDependency */ = {
			isa = PBXTargetDependency;
			target = C462BBF12BE92E2E00ADA0B9 /* ReachDest */;
			targetProxy = C462BC062BE92E3400ADA0B9 /* PBXContainerItemProxy */;
		};
		C462BC112BE92E3400ADA0B9 /* PBXTargetDependency */ = {
			isa = PBXTargetDependency;
			target = C462BBF12BE92E2E00ADA0B9 /* ReachDest */;
			targetProxy = C462BC102BE92E3400ADA0B9 /* PBXContainerItemProxy */;
		};
/* End PBXTargetDependency section */

/* Begin XCBuildConfiguration section */
		C462BC172BE92E3400ADA0B9 /* Debug */ = {
			isa = XCBuildConfiguration;
			buildSettings = {
				ALWAYS_SEARCH_USER_PATHS = NO;
				ASSETCATALOG_COMPILER_GENERATE_SWIFT_ASSET_SYMBOL_EXTENSIONS = YES;
				CLANG_ANALYZER_NONNULL = YES;
				CLANG_ANALYZER_NUMBER_OBJECT_CONVERSION = YES_AGGRESSIVE;
				CLANG_CXX_LANGUAGE_STANDARD = "gnu++20";
				CLANG_ENABLE_MODULES = YES;
				CLANG_ENABLE_OBJC_ARC = YES;
				CLANG_ENABLE_OBJC_WEAK = YES;
				CLANG_WARN_BLOCK_CAPTURE_AUTORELEASING = YES;
				CLANG_WARN_BOOL_CONVERSION = YES;
				CLANG_WARN_COMMA = YES;
				CLANG_WARN_CONSTANT_CONVERSION = YES;
				CLANG_WARN_DEPRECATED_OBJC_IMPLEMENTATIONS = YES;
				CLANG_WARN_DIRECT_OBJC_ISA_USAGE = YES_ERROR;
				CLANG_WARN_DOCUMENTATION_COMMENTS = YES;
				CLANG_WARN_EMPTY_BODY = YES;
				CLANG_WARN_ENUM_CONVERSION = YES;
				CLANG_WARN_INFINITE_RECURSION = YES;
				CLANG_WARN_INT_CONVERSION = YES;
				CLANG_WARN_NON_LITERAL_NULL_CONVERSION = YES;
				CLANG_WARN_OBJC_IMPLICIT_RETAIN_SELF = YES;
				CLANG_WARN_OBJC_LITERAL_CONVERSION = YES;
				CLANG_WARN_OBJC_ROOT_CLASS = YES_ERROR;
				CLANG_WARN_QUOTED_INCLUDE_IN_FRAMEWORK_HEADER = YES;
				CLANG_WARN_RANGE_LOOP_ANALYSIS = YES;
				CLANG_WARN_STRICT_PROTOTYPES = YES;
				CLANG_WARN_SUSPICIOUS_MOVE = YES;
				CLANG_WARN_UNGUARDED_AVAILABILITY = YES_AGGRESSIVE;
				CLANG_WARN_UNREACHABLE_CODE = YES;
				CLANG_WARN__DUPLICATE_METHOD_MATCH = YES;
				COPY_PHASE_STRIP = NO;
				DEBUG_INFORMATION_FORMAT = dwarf;
				ENABLE_STRICT_OBJC_MSGSEND = YES;
				ENABLE_TESTABILITY = YES;
				ENABLE_USER_SCRIPT_SANDBOXING = YES;
				GCC_C_LANGUAGE_STANDARD = gnu17;
				GCC_DYNAMIC_NO_PIC = NO;
				GCC_NO_COMMON_BLOCKS = YES;
				GCC_OPTIMIZATION_LEVEL = 0;
				GCC_PREPROCESSOR_DEFINITIONS = (
					"DEBUG=1",
					"$(inherited)",
				);
				GCC_WARN_64_TO_32_BIT_CONVERSION = YES;
				GCC_WARN_ABOUT_RETURN_TYPE = YES_ERROR;
				GCC_WARN_UNDECLARED_SELECTOR = YES;
				GCC_WARN_UNINITIALIZED_AUTOS = YES_AGGRESSIVE;
				GCC_WARN_UNUSED_FUNCTION = YES;
				GCC_WARN_UNUSED_VARIABLE = YES;
				IPHONEOS_DEPLOYMENT_TARGET = 17.0;
				LOCALIZATION_PREFERS_STRING_CATALOGS = YES;
				MACOSX_DEPLOYMENT_TARGET = "$(RECOMMENDED_MACOSX_DEPLOYMENT_TARGET)";
				MTL_ENABLE_DEBUG_INFO = INCLUDE_SOURCE;
				MTL_FAST_MATH = YES;
				ONLY_ACTIVE_ARCH = YES;
				SDKROOT = iphoneos;
				SWIFT_ACTIVE_COMPILATION_CONDITIONS = "DEBUG $(inherited)";
				SWIFT_OPTIMIZATION_LEVEL = "-Onone";
			};
			name = Debug;
		};
		C462BC182BE92E3400ADA0B9 /* Release */ = {
			isa = XCBuildConfiguration;
			buildSettings = {
				ALWAYS_SEARCH_USER_PATHS = NO;
				ASSETCATALOG_COMPILER_GENERATE_SWIFT_ASSET_SYMBOL_EXTENSIONS = YES;
				CLANG_ANALYZER_NONNULL = YES;
				CLANG_ANALYZER_NUMBER_OBJECT_CONVERSION = YES_AGGRESSIVE;
				CLANG_CXX_LANGUAGE_STANDARD = "gnu++20";
				CLANG_ENABLE_MODULES = YES;
				CLANG_ENABLE_OBJC_ARC = YES;
				CLANG_ENABLE_OBJC_WEAK = YES;
				CLANG_WARN_BLOCK_CAPTURE_AUTORELEASING = YES;
				CLANG_WARN_BOOL_CONVERSION = YES;
				CLANG_WARN_COMMA = YES;
				CLANG_WARN_CONSTANT_CONVERSION = YES;
				CLANG_WARN_DEPRECATED_OBJC_IMPLEMENTATIONS = YES;
				CLANG_WARN_DIRECT_OBJC_ISA_USAGE = YES_ERROR;
				CLANG_WARN_DOCUMENTATION_COMMENTS = YES;
				CLANG_WARN_EMPTY_BODY = YES;
				CLANG_WARN_ENUM_CONVERSION = YES;
				CLANG_WARN_INFINITE_RECURSION = YES;
				CLANG_WARN_INT_CONVERSION = YES;
				CLANG_WARN_NON_LITERAL_NULL_CONVERSION = YES;
				CLANG_WARN_OBJC_IMPLICIT_RETAIN_SELF = YES;
				CLANG_WARN_OBJC_LITERAL_CONVERSION = YES;
				CLANG_WARN_OBJC_ROOT_CLASS = YES_ERROR;
				CLANG_WARN_QUOTED_INCLUDE_IN_FRAMEWORK_HEADER = YES;
				CLANG_WARN_RANGE_LOOP_ANALYSIS = YES;
				CLANG_WARN_STRICT_PROTOTYPES = YES;
				CLANG_WARN_SUSPICIOUS_MOVE = YES;
				CLANG_WARN_UNGUARDED_AVAILABILITY = YES_AGGRESSIVE;
				CLANG_WARN_UNREACHABLE_CODE = YES;
				CLANG_WARN__DUPLICATE_METHOD_MATCH = YES;
				COPY_PHASE_STRIP = NO;
				DEBUG_INFORMATION_FORMAT = "dwarf-with-dsym";
				ENABLE_NS_ASSERTIONS = NO;
				ENABLE_STRICT_OBJC_MSGSEND = YES;
				ENABLE_USER_SCRIPT_SANDBOXING = YES;
				GCC_C_LANGUAGE_STANDARD = gnu17;
				GCC_NO_COMMON_BLOCKS = YES;
				GCC_WARN_64_TO_32_BIT_CONVERSION = YES;
				GCC_WARN_ABOUT_RETURN_TYPE = YES_ERROR;
				GCC_WARN_UNDECLARED_SELECTOR = YES;
				GCC_WARN_UNINITIALIZED_AUTOS = YES_AGGRESSIVE;
				GCC_WARN_UNUSED_FUNCTION = YES;
				GCC_WARN_UNUSED_VARIABLE = YES;
				IPHONEOS_DEPLOYMENT_TARGET = 17.0;
				LOCALIZATION_PREFERS_STRING_CATALOGS = YES;
				MACOSX_DEPLOYMENT_TARGET = "$(RECOMMENDED_MACOSX_DEPLOYMENT_TARGET)";
				MTL_ENABLE_DEBUG_INFO = NO;
				MTL_FAST_MATH = YES;
				SDKROOT = iphoneos;
				SWIFT_COMPILATION_MODE = wholemodule;
			};
			name = Release;
		};
		C462BC1A2BE92E3400ADA0B9 /* Debug */ = {
			isa = XCBuildConfiguration;
			baseConfigurationReference = B6D5308057A95A5C89E1847E /* Pods-ReachDest.debug.xcconfig */;
			buildSettings = {
				ASSETCATALOG_COMPILER_APPICON_NAME = AppIcon;
				ASSETCATALOG_COMPILER_GLOBAL_ACCENT_COLOR_NAME = AccentColor;
				CODE_SIGN_ENTITLEMENTS = ReachDest/ReachDest.entitlements;
				CODE_SIGN_STYLE = Automatic;
				COMBINE_HIDPI_IMAGES = YES;
				CURRENT_PROJECT_VERSION = 1;
				DEVELOPMENT_ASSET_PATHS = "\"ReachDest/Preview Content\"";
				DEVELOPMENT_TEAM = MMPBG2S9NW;
				ENABLE_HARDENED_RUNTIME = YES;
				ENABLE_PREVIEWS = YES;
				GENERATE_INFOPLIST_FILE = YES;
				INFOPLIST_KEY_NSHumanReadableCopyright = "";
				LD_RUNPATH_SEARCH_PATHS = (
					"$(inherited)",
					"@executable_path/../Frameworks",
				);
				MACOSX_DEPLOYMENT_TARGET = 14.0;
				MARKETING_VERSION = 1.0;
				PRODUCT_BUNDLE_IDENTIFIER = com.ReachDest;
				PRODUCT_NAME = "$(TARGET_NAME)";
				SUPPORTED_PLATFORMS = "iphoneos iphonesimulator";
				SUPPORTS_MACCATALYST = NO;
				SWIFT_EMIT_LOC_STRINGS = YES;
				SWIFT_VERSION = 5.0;
				TARGETED_DEVICE_FAMILY = 1;
			};
			name = Debug;
		};
		C462BC1B2BE92E3400ADA0B9 /* Release */ = {
			isa = XCBuildConfiguration;
			baseConfigurationReference = 1E047206CECF1FA72615BECD /* Pods-ReachDest.release.xcconfig */;
			buildSettings = {
				ASSETCATALOG_COMPILER_APPICON_NAME = AppIcon;
				ASSETCATALOG_COMPILER_GLOBAL_ACCENT_COLOR_NAME = AccentColor;
				CODE_SIGN_ENTITLEMENTS = ReachDest/ReachDest.entitlements;
				CODE_SIGN_STYLE = Automatic;
				COMBINE_HIDPI_IMAGES = YES;
				CURRENT_PROJECT_VERSION = 1;
				DEVELOPMENT_ASSET_PATHS = "\"ReachDest/Preview Content\"";
				DEVELOPMENT_TEAM = MMPBG2S9NW;
				ENABLE_HARDENED_RUNTIME = YES;
				ENABLE_PREVIEWS = YES;
				GENERATE_INFOPLIST_FILE = YES;
				INFOPLIST_KEY_NSHumanReadableCopyright = "";
				LD_RUNPATH_SEARCH_PATHS = (
					"$(inherited)",
					"@executable_path/../Frameworks",
				);
				MACOSX_DEPLOYMENT_TARGET = 14.0;
				MARKETING_VERSION = 1.0;
				PRODUCT_BUNDLE_IDENTIFIER = com.ReachDest;
				PRODUCT_NAME = "$(TARGET_NAME)";
				SUPPORTED_PLATFORMS = "iphoneos iphonesimulator";
				SUPPORTS_MACCATALYST = NO;
				SWIFT_EMIT_LOC_STRINGS = YES;
				SWIFT_VERSION = 5.0;
				TARGETED_DEVICE_FAMILY = 1;
			};
			name = Release;
		};
		C462BC1D2BE92E3400ADA0B9 /* Debug */ = {
			isa = XCBuildConfiguration;
			baseConfigurationReference = 69DAE6131267FE475CDA5F31 /* Pods-ReachDestTests.debug.xcconfig */;
			buildSettings = {
				ALWAYS_EMBED_SWIFT_STANDARD_LIBRARIES = YES;
				BUNDLE_LOADER = "$(TEST_HOST)";
				CODE_SIGN_STYLE = Automatic;
				CURRENT_PROJECT_VERSION = 1;
				DEVELOPMENT_TEAM = MMPBG2S9NW;
				GENERATE_INFOPLIST_FILE = YES;
				MACOSX_DEPLOYMENT_TARGET = 14.0;
				MARKETING_VERSION = 1.0;
				PRODUCT_BUNDLE_IDENTIFIER = com.Khushbu.ReachDestTests;
				PRODUCT_NAME = "$(TARGET_NAME)";
				SWIFT_EMIT_LOC_STRINGS = NO;
				SWIFT_VERSION = 5.0;
				TEST_HOST = "$(BUILT_PRODUCTS_DIR)/ReachDest.app/$(BUNDLE_EXECUTABLE_FOLDER_PATH)/ReachDest";
			};
			name = Debug;
		};
		C462BC1E2BE92E3400ADA0B9 /* Release */ = {
			isa = XCBuildConfiguration;
			baseConfigurationReference = 988A80623FC77DB9BE29433F /* Pods-ReachDestTests.release.xcconfig */;
			buildSettings = {
				ALWAYS_EMBED_SWIFT_STANDARD_LIBRARIES = YES;
				BUNDLE_LOADER = "$(TEST_HOST)";
				CODE_SIGN_STYLE = Automatic;
				CURRENT_PROJECT_VERSION = 1;
				DEVELOPMENT_TEAM = MMPBG2S9NW;
				GENERATE_INFOPLIST_FILE = YES;
				MACOSX_DEPLOYMENT_TARGET = 14.0;
				MARKETING_VERSION = 1.0;
				PRODUCT_BUNDLE_IDENTIFIER = com.Khushbu.ReachDestTests;
				PRODUCT_NAME = "$(TARGET_NAME)";
				SWIFT_EMIT_LOC_STRINGS = NO;
				SWIFT_VERSION = 5.0;
				TEST_HOST = "$(BUILT_PRODUCTS_DIR)/ReachDest.app/$(BUNDLE_EXECUTABLE_FOLDER_PATH)/ReachDest";
			};
			name = Release;
		};
		C462BC202BE92E3400ADA0B9 /* Debug */ = {
			isa = XCBuildConfiguration;
			baseConfigurationReference = 8B53037F1F99C53E322B27FA /* Pods-ReachDest-ReachDestUITests.debug.xcconfig */;
			buildSettings = {
				ALWAYS_EMBED_SWIFT_STANDARD_LIBRARIES = YES;
				CODE_SIGN_STYLE = Automatic;
				CURRENT_PROJECT_VERSION = 1;
				DEVELOPMENT_TEAM = MMPBG2S9NW;
				GENERATE_INFOPLIST_FILE = YES;
				MARKETING_VERSION = 1.0;
				PRODUCT_BUNDLE_IDENTIFIER = com.Khushbu.ReachDestUITests;
				PRODUCT_NAME = "$(TARGET_NAME)";
				SWIFT_EMIT_LOC_STRINGS = NO;
				SWIFT_VERSION = 5.0;
				TEST_TARGET_NAME = ReachDest;
			};
			name = Debug;
		};
		C462BC212BE92E3400ADA0B9 /* Release */ = {
			isa = XCBuildConfiguration;
			baseConfigurationReference = A2DF5DE874C8A93B62423F28 /* Pods-ReachDest-ReachDestUITests.release.xcconfig */;
			buildSettings = {
				ALWAYS_EMBED_SWIFT_STANDARD_LIBRARIES = YES;
				CODE_SIGN_STYLE = Automatic;
				CURRENT_PROJECT_VERSION = 1;
				DEVELOPMENT_TEAM = MMPBG2S9NW;
				GENERATE_INFOPLIST_FILE = YES;
				MARKETING_VERSION = 1.0;
				PRODUCT_BUNDLE_IDENTIFIER = com.Khushbu.ReachDestUITests;
				PRODUCT_NAME = "$(TARGET_NAME)";
				SWIFT_EMIT_LOC_STRINGS = NO;
				SWIFT_VERSION = 5.0;
				TEST_TARGET_NAME = ReachDest;
			};
			name = Release;
		};
/* End XCBuildConfiguration section */

/* Begin XCConfigurationList section */
		C462BBED2BE92E2E00ADA0B9 /* Build configuration list for PBXProject "ReachDest" */ = {
			isa = XCConfigurationList;
			buildConfigurations = (
				C462BC172BE92E3400ADA0B9 /* Debug */,
				C462BC182BE92E3400ADA0B9 /* Release */,
			);
			defaultConfigurationIsVisible = 0;
			defaultConfigurationName = Release;
		};
		C462BC192BE92E3400ADA0B9 /* Build configuration list for PBXNativeTarget "ReachDest" */ = {
			isa = XCConfigurationList;
			buildConfigurations = (
				C462BC1A2BE92E3400ADA0B9 /* Debug */,
				C462BC1B2BE92E3400ADA0B9 /* Release */,
			);
			defaultConfigurationIsVisible = 0;
			defaultConfigurationName = Release;
		};
		C462BC1C2BE92E3400ADA0B9 /* Build configuration list for PBXNativeTarget "ReachDestTests" */ = {
			isa = XCConfigurationList;
			buildConfigurations = (
				C462BC1D2BE92E3400ADA0B9 /* Debug */,
				C462BC1E2BE92E3400ADA0B9 /* Release */,
			);
			defaultConfigurationIsVisible = 0;
			defaultConfigurationName = Release;
		};
		C462BC1F2BE92E3400ADA0B9 /* Build configuration list for PBXNativeTarget "ReachDestUITests" */ = {
			isa = XCConfigurationList;
			buildConfigurations = (
				C462BC202BE92E3400ADA0B9 /* Debug */,
				C462BC212BE92E3400ADA0B9 /* Release */,
			);
			defaultConfigurationIsVisible = 0;
			defaultConfigurationName = Release;
		};
/* End XCConfigurationList section */
	};
	rootObject = C462BBEA2BE92E2E00ADA0B9 /* Project object */;
}
